// !$*UTF8*$!
{
	archiveVersion = 1;
	classes = {
	};
	objectVersion = 46;
	objects = {

/* Begin PBXBuildFile section */
		F238AADA1AAF96BF005C4D87 /* AppDelegate.swift in Sources */ = {isa = PBXBuildFile; fileRef = F238AAD91AAF96BF005C4D87 /* AppDelegate.swift */; };
		F238AADC1AAF96BF005C4D87 /* ViewController.swift in Sources */ = {isa = PBXBuildFile; fileRef = F238AADB1AAF96BF005C4D87 /* ViewController.swift */; };
		F238AADF1AAF96BF005C4D87 /* Main.storyboard in Resources */ = {isa = PBXBuildFile; fileRef = F238AADD1AAF96BF005C4D87 /* Main.storyboard */; };
		F238AAE11AAF96BF005C4D87 /* Images.xcassets in Resources */ = {isa = PBXBuildFile; fileRef = F238AAE01AAF96BF005C4D87 /* Images.xcassets */; };
		F238AAE41AAF96BF005C4D87 /* LaunchScreen.xib in Resources */ = {isa = PBXBuildFile; fileRef = F238AAE21AAF96BF005C4D87 /* LaunchScreen.xib */; };
		F238AAF01AAF96BF005C4D87 /* PracticeAppTests.swift in Sources */ = {isa = PBXBuildFile; fileRef = F238AAEF1AAF96BF005C4D87 /* PracticeAppTests.swift */; };
/* End PBXBuildFile section */

/* Begin PBXContainerItemProxy section */
		F238AAEA1AAF96BF005C4D87 /* PBXContainerItemProxy */ = {
			isa = PBXContainerItemProxy;
			containerPortal = F238AACC1AAF96BF005C4D87 /* Project object */;
			proxyType = 1;
			remoteGlobalIDString = F238AAD31AAF96BF005C4D87;
			remoteInfo = PracticeApp;
		};
/* End PBXContainerItemProxy section */

/* Begin PBXFileReference section */
		F238AAD41AAF96BF005C4D87 /* PracticeApp.app */ = {isa = PBXFileReference; explicitFileType = wrapper.application; includeInIndex = 0; path = PracticeApp.app; sourceTree = BUILT_PRODUCTS_DIR; };
		F238AAD81AAF96BF005C4D87 /* Info.plist */ = {isa = PBXFileReference; lastKnownFileType = text.plist.xml; path = Info.plist; sourceTree = "<group>"; };
		F238AAD91AAF96BF005C4D87 /* AppDelegate.swift */ = {isa = PBXFileReference; lastKnownFileType = sourcecode.swift; path = AppDelegate.swift; sourceTree = "<group>"; };
		F238AADB1AAF96BF005C4D87 /* ViewController.swift */ = {isa = PBXFileReference; lastKnownFileType = sourcecode.swift; path = ViewController.swift; sourceTree = "<group>"; };
		F238AADE1AAF96BF005C4D87 /* Base */ = {isa = PBXFileReference; lastKnownFileType = file.storyboard; name = Base; path = Base.lproj/Main.storyboard; sourceTree = "<group>"; };
		F238AAE01AAF96BF005C4D87 /* Images.xcassets */ = {isa = PBXFileReference; lastKnownFileType = folder.assetcatalog; path = Images.xcassets; sourceTree = "<group>"; };
		F238AAE31AAF96BF005C4D87 /* Base */ = {isa = PBXFileReference; lastKnownFileType = file.xib; name = Base; path = Base.lproj/LaunchScreen.xib; sourceTree = "<group>"; };
		F238AAE91AAF96BF005C4D87 /* PracticeAppTests.xctest */ = {isa = PBXFileReference; explicitFileType = wrapper.cfbundle; includeInIndex = 0; path = PracticeAppTests.xctest; sourceTree = BUILT_PRODUCTS_DIR; };
		F238AAEE1AAF96BF005C4D87 /* Info.plist */ = {isa = PBXFileReference; lastKnownFileType = text.plist.xml; path = Info.plist; sourceTree = "<group>"; };
		F238AAEF1AAF96BF005C4D87 /* PracticeAppTests.swift */ = {isa = PBXFileReference; lastKnownFileType = sourcecode.swift; path = PracticeAppTests.swift; sourceTree = "<group>"; };
/* End PBXFileReference section */

/* Begin PBXFrameworksBuildPhase section */
		F238AAD11AAF96BF005C4D87 /* Frameworks */ = {
			isa = PBXFrameworksBuildPhase;
			buildActionMask = 2147483647;
			files = (
			);
			runOnlyForDeploymentPostprocessing = 0;
		};
		F238AAE61AAF96BF005C4D87 /* Frameworks */ = {
			isa = PBXFrameworksBuildPhase;
			buildActionMask = 2147483647;
			files = (
			);
			runOnlyForDeploymentPostprocessing = 0;
		};
/* End PBXFrameworksBuildPhase section */

/* Begin PBXGroup section */
		F238AACB1AAF96BF005C4D87 = {
			isa = PBXGroup;
			children = (
				F238AAD61AAF96BF005C4D87 /* PracticeApp */,
				F238AAEC1AAF96BF005C4D87 /* PracticeAppTests */,
				F238AAD51AAF96BF005C4D87 /* Products */,
			);
			sourceTree = "<group>";
		};
		F238AAD51AAF96BF005C4D87 /* Products */ = {
			isa = PBXGroup;
			children = (
				F238AAD41AAF96BF005C4D87 /* PracticeApp.app */,
				F238AAE91AAF96BF005C4D87 /* PracticeAppTests.xctest */,
			);
			name = Products;
			sourceTree = "<group>";
		};
		F238AAD61AAF96BF005C4D87 /* PracticeApp */ = {
			isa = PBXGroup;
			children = (
				F238AAD91AAF96BF005C4D87 /* AppDelegate.swift */,
				F238AADB1AAF96BF005C4D87 /* ViewController.swift */,
				F238AADD1AAF96BF005C4D87 /* Main.storyboard */,
				F238AAE01AAF96BF005C4D87 /* Images.xcassets */,
				F238AAE21AAF96BF005C4D87 /* LaunchScreen.xib */,
				F238AAD71AAF96BF005C4D87 /* Supporting Files */,
			);
			path = PracticeApp;
			sourceTree = "<group>";
		};
		F238AAD71AAF96BF005C4D87 /* Supporting Files */ = {
			isa = PBXGroup;
			children = (
				F238AAD81AAF96BF005C4D87 /* Info.plist */,
			);
			name = "Supporting Files";
			sourceTree = "<group>";
		};
		F238AAEC1AAF96BF005C4D87 /* PracticeAppTests */ = {
			isa = PBXGroup;
			children = (
				F238AAEF1AAF96BF005C4D87 /* PracticeAppTests.swift */,
				F238AAED1AAF96BF005C4D87 /* Supporting Files */,
			);
			path = PracticeAppTests;
			sourceTree = "<group>";
		};
		F238AAED1AAF96BF005C4D87 /* Supporting Files */ = {
			isa = PBXGroup;
			children = (
				F238AAEE1AAF96BF005C4D87 /* Info.plist */,
			);
			name = "Supporting Files";
			sourceTree = "<group>";
		};
/* End PBXGroup section */

/* Begin PBXNativeTarget section */
		F238AAD31AAF96BF005C4D87 /* PracticeApp */ = {
			isa = PBXNativeTarget;
			buildConfigurationList = F238AAF31AAF96BF005C4D87 /* Build configuration list for PBXNativeTarget "PracticeApp" */;
			buildPhases = (
				F238AAD01AAF96BF005C4D87 /* Sources */,
				F238AAD11AAF96BF005C4D87 /* Frameworks */,
				F238AAD21AAF96BF005C4D87 /* Resources */,
			);
			buildRules = (
			);
			dependencies = (
			);
			name = PracticeApp;
			productName = PracticeApp;
			productReference = F238AAD41AAF96BF005C4D87 /* PracticeApp.app */;
			productType = "com.apple.product-type.application";
		};
		F238AAE81AAF96BF005C4D87 /* PracticeAppTests */ = {
			isa = PBXNativeTarget;
			buildConfigurationList = F238AAF61AAF96BF005C4D87 /* Build configuration list for PBXNativeTarget "PracticeAppTests" */;
			buildPhases = (
				F238AAE51AAF96BF005C4D87 /* Sources */,
				F238AAE61AAF96BF005C4D87 /* Frameworks */,
				F238AAE71AAF96BF005C4D87 /* Resources */,
			);
			buildRules = (
			);
			dependencies = (
				F238AAEB1AAF96BF005C4D87 /* PBXTargetDependency */,
			);
			name = PracticeAppTests;
			productName = PracticeAppTests;
			productReference = F238AAE91AAF96BF005C4D87 /* PracticeAppTests.xctest */;
			productType = "com.apple.product-type.bundle.unit-test";
		};
/* End PBXNativeTarget section */

/* Begin PBXProject section */
		F238AACC1AAF96BF005C4D87 /* Project object */ = {
			isa = PBXProject;
			attributes = {
				LastUpgradeCheck = 0620;
				ORGANIZATIONNAME = Ron;
				TargetAttributes = {
					F238AAD31AAF96BF005C4D87 = {
						CreatedOnToolsVersion = 6.2;
					};
					F238AAE81AAF96BF005C4D87 = {
						CreatedOnToolsVersion = 6.2;
						TestTargetID = F238AAD31AAF96BF005C4D87;
					};
				};
			};
			buildConfigurationList = F238AACF1AAF96BF005C4D87 /* Build configuration list for PBXProject "PracticeApp" */;
			compatibilityVersion = "Xcode 3.2";
			developmentRegion = English;
			hasScannedForEncodings = 0;
			knownRegions = (
				en,
				Base,
			);
			mainGroup = F238AACB1AAF96BF005C4D87;
			productRefGroup = F238AAD51AAF96BF005C4D87 /* Products */;
			projectDirPath = "";
			projectRoot = "";
			targets = (
				F238AAD31AAF96BF005C4D87 /* PracticeApp */,
				F238AAE81AAF96BF005C4D87 /* PracticeAppTests */,
			);
		};
/* End PBXProject section */

/* Begin PBXResourcesBuildPhase section */
		F238AAD21AAF96BF005C4D87 /* Resources */ = {
			isa = PBXResourcesBuildPhase;
			buildActionMask = 2147483647;
			files = (
				F238AADF1AAF96BF005C4D87 /* Main.storyboard in Resources */,
				F238AAE41AAF96BF005C4D87 /* LaunchScreen.xib in Resources */,
				F238AAE11AAF96BF005C4D87 /* Images.xcassets in Resources */,
			);
			runOnlyForDeploymentPostprocessing = 0;
		};
		F238AAE71AAF96BF005C4D87 /* Resources */ = {
			isa = PBXResourcesBuildPhase;
			buildActionMask = 2147483647;
			files = (
			);
			runOnlyForDeploymentPostprocessing = 0;
		};
/* End PBXResourcesBuildPhase section */

/* Begin PBXSourcesBuildPhase section */
		F238AAD01AAF96BF005C4D87 /* Sources */ = {
			isa = PBXSourcesBuildPhase;
			buildActionMask = 2147483647;
			files = (
				F238AADC1AAF96BF005C4D87 /* ViewController.swift in Sources */,
				F238AADA1AAF96BF005C4D87 /* AppDelegate.swift in Sources */,
			);
			runOnlyForDeploymentPostprocessing = 0;
		};
		F238AAE51AAF96BF005C4D87 /* Sources */ = {
			isa = PBXSourcesBuildPhase;
			buildActionMask = 2147483647;
			files = (
				F238AAF01AAF96BF005C4D87 /* PracticeAppTests.swift in Sources */,
			);
			runOnlyForDeploymentPostprocessing = 0;
		};
/* End PBXSourcesBuildPhase section */

/* Begin PBXTargetDependency section */
		F238AAEB1AAF96BF005C4D87 /* PBXTargetDependency */ = {
			isa = PBXTargetDependency;
			target = F238AAD31AAF96BF005C4D87 /* PracticeApp */;
			targetProxy = F238AAEA1AAF96BF005C4D87 /* PBXContainerItemProxy */;
		};
/* End PBXTargetDependency section */

/* Begin PBXVariantGroup section */
		F238AADD1AAF96BF005C4D87 /* Main.storyboard */ = {
			isa = PBXVariantGroup;
			children = (
				F238AADE1AAF96BF005C4D87 /* Base */,
			);
			name = Main.storyboard;
			sourceTree = "<group>";
		};
		F238AAE21AAF96BF005C4D87 /* LaunchScreen.xib */ = {
			isa = PBXVariantGroup;
			children = (
				F238AAE31AAF96BF005C4D87 /* Base */,
			);
			name = LaunchScreen.xib;
			sourceTree = "<group>";
		};
/* End PBXVariantGroup section */

/* Begin XCBuildConfiguration section */
		F238AAF11AAF96BF005C4D87 /* Debug */ = {
			isa = XCBuildConfiguration;
			buildSettings = {
				ALWAYS_SEARCH_USER_PATHS = NO;
				CLANG_CXX_LANGUAGE_STANDARD = "gnu++0x";
				CLANG_CXX_LIBRARY = "libc++";
				CLANG_ENABLE_MODULES = YES;
				CLANG_ENABLE_OBJC_ARC = YES;
				CLANG_WARN_BOOL_CONVERSION = YES;
				CLANG_WARN_CONSTANT_CONVERSION = YES;
				CLANG_WARN_DIRECT_OBJC_ISA_USAGE = YES_ERROR;
				CLANG_WARN_EMPTY_BODY = YES;
				CLANG_WARN_ENUM_CONVERSION = YES;
				CLANG_WARN_INT_CONVERSION = YES;
				CLANG_WARN_OBJC_ROOT_CLASS = YES_ERROR;
				CLANG_WARN_UNREACHABLE_CODE = YES;
				CLANG_WARN__DUPLICATE_METHOD_MATCH = YES;
				"CODE_SIGN_IDENTITY[sdk=iphoneos*]" = "iPhone Developer";
				COPY_PHASE_STRIP = NO;
				ENABLE_STRICT_OBJC_MSGSEND = YES;
				GCC_C_LANGUAGE_STANDARD = gnu99;
				GCC_DYNAMIC_NO_PIC = NO;
				GCC_OPTIMIZATION_LEVEL = 0;
				GCC_PREPROCESSOR_DEFINITIONS = (
					"DEBUG=1",
					"$(inherited)",
				);
				GCC_SYMBOLS_PRIVATE_EXTERN = NO;
				GCC_WARN_64_TO_32_BIT_CONVERSION = YES;
				GCC_WARN_ABOUT_RETURN_TYPE = YES_ERROR;
				GCC_WARN_UNDECLARED_SELECTOR = YES;
				GCC_WARN_UNINITIALIZED_AUTOS = YES_AGGRESSIVE;
				GCC_WARN_UNUSED_FUNCTION = YES;
				GCC_WARN_UNUSED_VARIABLE = YES;
				IPHONEOS_DEPLOYMENT_TARGET = 8.2;
				MTL_ENABLE_DEBUG_INFO = YES;
				ONLY_ACTIVE_ARCH = YES;
				SDKROOT = iphoneos;
				SWIFT_OPTIMIZATION_LEVEL = "-Onone";
			};
			name = Debug;
		};
		F238AAF21AAF96BF005C4D87 /* Release */ = {
			isa = XCBuildConfiguration;
			buildSettings = {
				ALWAYS_SEARCH_USER_PATHS = NO;
				CLANG_CXX_LANGUAGE_STANDARD = "gnu++0x";
				CLANG_CXX_LIBRARY = "libc++";
				CLANG_ENABLE_MODULES = YES;
				CLANG_ENABLE_OBJC_ARC = YES;
				CLANG_WARN_BOOL_CONVERSION = YES;
				CLANG_WARN_CONSTANT_CONVERSION = YES;
				CLANG_WARN_DIRECT_OBJC_ISA_USAGE = YES_ERROR;
				CLANG_WARN_EMPTY_BODY = YES;
				CLANG_WARN_ENUM_CONVERSION = YES;
				CLANG_WARN_INT_CONVERSION = YES;
				CLANG_WARN_OBJC_ROOT_CLASS = YES_ERROR;
				CLANG_WARN_UNREACHABLE_CODE = YES;
				CLANG_WARN__DUPLICATE_METHOD_MATCH = YES;
				"CODE_SIGN_IDENTITY[sdk=iphoneos*]" = "iPhone Developer";
				COPY_PHASE_STRIP = NO;
				ENABLE_NS_ASSERTIONS = NO;
				ENABLE_STRICT_OBJC_MSGSEND = YES;
				GCC_C_LANGUAGE_STANDARD = gnu99;
				GCC_WARN_64_TO_32_BIT_CONVERSION = YES;
				GCC_WARN_ABOUT_RETURN_TYPE = YES_ERROR;
				GCC_WARN_UNDECLARED_SELECTOR = YES;
				GCC_WARN_UNINITIALIZED_AUTOS = YES_AGGRESSIVE;
				GCC_WARN_UNUSED_FUNCTION = YES;
				GCC_WARN_UNUSED_VARIABLE = YES;
				IPHONEOS_DEPLOYMENT_TARGET = 8.2;
				MTL_ENABLE_DEBUG_INFO = NO;
				SDKROOT = iphoneos;
				VALIDATE_PRODUCT = YES;
			};
			name = Release;
		};
		F238AAF41AAF96BF005C4D87 /* Debug */ = {
			isa = XCBuildConfiguration;
			buildSettings = {
				ASSETCATALOG_COMPILER_APPICON_NAME = AppIcon;
				INFOPLIST_FILE = PracticeApp/Info.plist;
				LD_RUNPATH_SEARCH_PATHS = "$(inherited) @executable_path/Frameworks";
				PRODUCT_NAME = "$(TARGET_NAME)";
			};
			name = Debug;
		};
		F238AAF51AAF96BF005C4D87 /* Release */ = {
			isa = XCBuildConfiguration;
			buildSettings = {
				ASSETCATALOG_COMPILER_APPICON_NAME = AppIcon;
				INFOPLIST_FILE = PracticeApp/Info.plist;
				LD_RUNPATH_SEARCH_PATHS = "$(inherited) @executable_path/Frameworks";
				PRODUCT_NAME = "$(TARGET_NAME)";
			};
			name = Release;
		};
		F238AAF71AAF96BF005C4D87 /* Debug */ = {
			isa = XCBuildConfiguration;
			buildSettings = {
				BUNDLE_LOADER = "$(TEST_HOST)";
				FRAMEWORK_SEARCH_PATHS = (
					"$(SDKROOT)/Developer/Library/Frameworks",
					"$(inherited)",
				);
				GCC_PREPROCESSOR_DEFINITIONS = (
					"DEBUG=1",
					"$(inherited)",
				);
				INFOPLIST_FILE = PracticeAppTests/Info.plist;
				LD_RUNPATH_SEARCH_PATHS = "$(inherited) @executable_path/Frameworks @loader_path/Frameworks";
				PRODUCT_NAME = "$(TARGET_NAME)";
				TEST_HOST = "$(BUILT_PRODUCTS_DIR)/PracticeApp.app/PracticeApp";
			};
			name = Debug;
		};
		F238AAF81AAF96BF005C4D87 /* Release */ = {
			isa = XCBuildConfiguration;
			buildSettings = {
				BUNDLE_LOADER = "$(TEST_HOST)";
				FRAMEWORK_SEARCH_PATHS = (
					"$(SDKROOT)/Developer/Library/Frameworks",
					"$(inherited)",
				);
				INFOPLIST_FILE = PracticeAppTests/Info.plist;
				LD_RUNPATH_SEARCH_PATHS = "$(inherited) @executable_path/Frameworks @loader_path/Frameworks";
				PRODUCT_NAME = "$(TARGET_NAME)";
				TEST_HOST = "$(BUILT_PRODUCTS_DIR)/PracticeApp.app/PracticeApp";
			};
			name = Release;
		};
/* End XCBuildConfiguration section */

/* Begin XCConfigurationList section */
		F238AACF1AAF96BF005C4D87 /* Build configuration list for PBXProject "PracticeApp" */ = {
			isa = XCConfigurationList;
			buildConfigurations = (
				F238AAF11AAF96BF005C4D87 /* Debug */,
				F238AAF21AAF96BF005C4D87 /* Release */,
			);
			defaultConfigurationIsVisible = 0;
			defaultConfigurationName = Release;
		};
		F238AAF31AAF96BF005C4D87 /* Build configuration list for PBXNativeTarget "PracticeApp" */ = {
			isa = XCConfigurationList;
			buildConfigurations = (
				F238AAF41AAF96BF005C4D87 /* Debug */,
				F238AAF51AAF96BF005C4D87 /* Release */,
			);
			defaultConfigurationIsVisible = 0;
		};
		F238AAF61AAF96BF005C4D87 /* Build configuration list for PBXNativeTarget "PracticeAppTests" */ = {
			isa = XCConfigurationList;
			buildConfigurations = (
				F238AAF71AAF96BF005C4D87 /* Debug */,
				F238AAF81AAF96BF005C4D87 /* Release */,
			);
			defaultConfigurationIsVisible = 0;
		};
/* End XCConfigurationList section */
	};
	rootObject = F238AACC1AAF96BF005C4D87 /* Project object */;
}
